
Microsoft Visual Studio Solution File, Format Version 12.00
# Visual Studio Version 16
VisualStudioVersion = 16.0.31005.135
MinimumVisualStudioVersion = 10.0.40219.1
Project("{FAE04EC0-301F-11D3-BF4B-00C04F79EFBC}") = "01_Advertisement_Message", "01_Advertisement_Message\01_Advertisement_Message.csproj", "{695FE4D8-1821-4C41-BBD9-DC77C589DF3A}"
EndProject
Project("{FAE04EC0-301F-11D3-BF4B-00C04F79EFBC}") = "02_Articles", "02_Articles\02_Articles.csproj", "{1D0AD426-7373-447E-BF9A-528A08875054}"
EndProject
Project("{FAE04EC0-301F-11D3-BF4B-00C04F79EFBC}") = "03_Articles_2", "03_Articles_2\03_Articles_2.csproj", "{995C164A-83D3-442B-8A30-E231CFE22FBC}"
EndProject
Project("{FAE04EC0-301F-11D3-BF4B-00C04F79EFBC}") = "04_Students", "04_Students\04_Students.csproj", "{C998F8AE-3254-4BA1-B999-E9204F2C7965}"
EndProject
Project("{FAE04EC0-301F-11D3-BF4B-00C04F79EFBC}") = "05_Teamwork_Projects", "05_Teamwork_Projects\05_Teamwork_Projects.csproj", "{D7B8F5A9-935F-43E9-96FB-43F7CC6C04E1}"
EndProject
Project("{FAE04EC0-301F-11D3-BF4B-00C04F79EFBC}") = "06_Vehicle_Catalogue", "06_Vehicle_Catalogue\06_Vehicle_Catalogue.csproj", "{2D06F99C-3E5E-4DBE-B5EC-946A0F26421D}"
EndProject
Project("{FAE04EC0-301F-11D3-BF4B-00C04F79EFBC}") = "07_Order_By_Age", "07_Order_By_Age\07_Order_By_Age.csproj", "{612B3829-4082-4763-80AB-E8164E6F6547}"
EndProject
Project("{FAE04EC0-301F-11D3-BF4B-00C04F79EFBC}") = "01_Company_Roster", "01_Company_Roster\01_Company_Roster.csproj", "{60273239-BBB7-45B1-8DA4-EC5B16BEFDA8}"
EndProject
Project("{FAE04EC0-301F-11D3-BF4B-00C04F79EFBC}") = "02_Oldest_Family_Member", "02_Oldest_Family_Member\02_Oldest_Family_Member.csproj", "{D9A3EA57-8539-4898-9DC2-3FD66C340325}"
EndProject
Project("{FAE04EC0-301F-11D3-BF4B-00C04F79EFBC}") = "03_Speed_Racing", "03_Speed_Racing\03_Speed_Racing.csproj", "{34658265-6D4F-4083-9E1F-CFC541338221}"
EndProject
Project("{FAE04EC0-301F-11D3-BF4B-00C04F79EFBC}") = "04_Raw_Data", "04_Raw_Data\04_Raw_Data.csproj", "{1B79CC6C-2E83-4A74-9A31-2E6F194D632B}"
EndProject
Project("{FAE04EC0-301F-11D3-BF4B-00C04F79EFBC}") = "05_Shopping_Spree", "05_Shopping_Spree\05_Shopping_Spree.csproj", "{F62E4D05-5879-4C35-AD45-01C33758E451}"
EndProject
Global
	GlobalSection(SolutionConfigurationPlatforms) = preSolution
		Debug|Any CPU = Debug|Any CPU
		Release|Any CPU = Release|Any CPU
	EndGlobalSection
	GlobalSection(ProjectConfigurationPlatforms) = postSolution
		{695FE4D8-1821-4C41-BBD9-DC77C589DF3A}.Debug|Any CPU.ActiveCfg = Debug|Any CPU
		{695FE4D8-1821-4C41-BBD9-DC77C589DF3A}.Debug|Any CPU.Build.0 = Debug|Any CPU
		{695FE4D8-1821-4C41-BBD9-DC77C589DF3A}.Release|Any CPU.ActiveCfg = Release|Any CPU
		{695FE4D8-1821-4C41-BBD9-DC77C589DF3A}.Release|Any CPU.Build.0 = Release|Any CPU
		{1D0AD426-7373-447E-BF9A-528A08875054}.Debug|Any CPU.ActiveCfg = Debug|Any CPU
		{1D0AD426-7373-447E-BF9A-528A08875054}.Debug|Any CPU.Build.0 = Debug|Any CPU
		{1D0AD426-7373-447E-BF9A-528A08875054}.Release|Any CPU.ActiveCfg = Release|Any CPU
		{1D0AD426-7373-447E-BF9A-528A08875054}.Release|Any CPU.Build.0 = Release|Any CPU
		{995C164A-83D3-442B-8A30-E231CFE22FBC}.Debug|Any CPU.ActiveCfg = Debug|Any CPU
		{995C164A-83D3-442B-8A30-E231CFE22FBC}.Debug|Any CPU.Build.0 = Debug|Any CPU
		{995C164A-83D3-442B-8A30-E231CFE22FBC}.Release|Any CPU.ActiveCfg = Release|Any CPU
		{995C164A-83D3-442B-8A30-E231CFE22FBC}.Release|Any CPU.Build.0 = Release|Any CPU
		{C998F8AE-3254-4BA1-B999-E9204F2C7965}.Debug|Any CPU.ActiveCfg = Debug|Any CPU
		{C998F8AE-3254-4BA1-B999-E9204F2C7965}.Debug|Any CPU.Build.0 = Debug|Any CPU
		{C998F8AE-3254-4BA1-B999-E9204F2C7965}.Release|Any CPU.ActiveCfg = Release|Any CPU
		{C998F8AE-3254-4BA1-B999-E9204F2C7965}.Release|Any CPU.Build.0 = Release|Any CPU
		{D7B8F5A9-935F-43E9-96FB-43F7CC6C04E1}.Debug|Any CPU.ActiveCfg = Debug|Any CPU
		{D7B8F5A9-935F-43E9-96FB-43F7CC6C04E1}.Debug|Any CPU.Build.0 = Debug|Any CPU
		{D7B8F5A9-935F-43E9-96FB-43F7CC6C04E1}.Release|Any CPU.ActiveCfg = Release|Any CPU
		{D7B8F5A9-935F-43E9-96FB-43F7CC6C04E1}.Release|Any CPU.Build.0 = Release|Any CPU
		{2D06F99C-3E5E-4DBE-B5EC-946A0F26421D}.Debug|Any CPU.ActiveCfg = Debug|Any CPU
		{2D06F99C-3E5E-4DBE-B5EC-946A0F26421D}.Debug|Any CPU.Build.0 = Debug|Any CPU
		{2D06F99C-3E5E-4DBE-B5EC-946A0F26421D}.Release|Any CPU.ActiveCfg = Release|Any CPU
		{2D06F99C-3E5E-4DBE-B5EC-946A0F26421D}.Release|Any CPU.Build.0 = Release|Any CPU
		{612B3829-4082-4763-80AB-E8164E6F6547}.Debug|Any CPU.ActiveCfg = Debug|Any CPU
		{612B3829-4082-4763-80AB-E8164E6F6547}.Debug|Any CPU.Build.0 = Debug|Any CPU
		{612B3829-4082-4763-80AB-E8164E6F6547}.Release|Any CPU.ActiveCfg = Release|Any CPU
		{612B3829-4082-4763-80AB-E8164E6F6547}.Release|Any CPU.Build.0 = Release|Any CPU
		{60273239-BBB7-45B1-8DA4-EC5B16BEFDA8}.Debug|Any CPU.ActiveCfg = Debug|Any CPU
		{60273239-BBB7-45B1-8DA4-EC5B16BEFDA8}.Debug|Any CPU.Build.0 = Debug|Any CPU
		{60273239-BBB7-45B1-8DA4-EC5B16BEFDA8}.Release|Any CPU.ActiveCfg = Release|Any CPU
		{60273239-BBB7-45B1-8DA4-EC5B16BEFDA8}.Release|Any CPU.Build.0 = Release|Any CPU
		{D9A3EA57-8539-4898-9DC2-3FD66C340325}.Debug|Any CPU.ActiveCfg = Debug|Any CPU
		{D9A3EA57-8539-4898-9DC2-3FD66C340325}.Debug|Any CPU.Build.0 = Debug|Any CPU
		{D9A3EA57-8539-4898-9DC2-3FD66C340325}.Release|Any CPU.ActiveCfg = Release|Any CPU
		{D9A3EA57-8539-4898-9DC2-3FD66C340325}.Release|Any CPU.Build.0 = Release|Any CPU
		{34658265-6D4F-4083-9E1F-CFC541338221}.Debug|Any CPU.ActiveCfg = Debug|Any CPU
		{34658265-6D4F-4083-9E1F-CFC541338221}.Debug|Any CPU.Build.0 = Debug|Any CPU
		{34658265-6D4F-4083-9E1F-CFC541338221}.Release|Any CPU.ActiveCfg = Release|Any CPU
		{34658265-6D4F-4083-9E1F-CFC541338221}.Release|Any CPU.Build.0 = Release|Any CPU
		{1B79CC6C-2E83-4A74-9A31-2E6F194D632B}.Debug|Any CPU.ActiveCfg = Debug|Any CPU
		{1B79CC6C-2E83-4A74-9A31-2E6F194D632B}.Debug|Any CPU.Build.0 = Debug|Any CPU
		{1B79CC6C-2E83-4A74-9A31-2E6F194D632B}.Release|Any CPU.ActiveCfg = Release|Any CPU
		{1B79CC6C-2E83-4A74-9A31-2E6F194D632B}.Release|Any CPU.Build.0 = Release|Any CPU
		{F62E4D05-5879-4C35-AD45-01C33758E451}.Debug|Any CPU.ActiveCfg = Debug|Any CPU
		{F62E4D05-5879-4C35-AD45-01C33758E451}.Debug|Any CPU.Build.0 = Debug|Any CPU
		{F62E4D05-5879-4C35-AD45-01C33758E451}.Release|Any CPU.ActiveCfg = Release|Any CPU
		{F62E4D05-5879-4C35-AD45-01C33758E451}.Release|Any CPU.Build.0 = Release|Any CPU
	EndGlobalSection
	GlobalSection(SolutionProperties) = preSolution
		HideSolutionNode = FALSE
	EndGlobalSection
	GlobalSection(ExtensibilityGlobals) = postSolution
		SolutionGuid = {95AB2154-A5BA-4F78-96A4-BE8315ED95E7}
	EndGlobalSection
EndGlobal
