
Microsoft Visual Studio Solution File, Format Version 12.00
# Visual Studio Version 16
VisualStudioVersion = 16.0.31005.135
MinimumVisualStudioVersion = 10.0.40219.1
Project("{FAE04EC0-301F-11D3-BF4B-00C04F79EFBC}") = "01_Secret_Chat", "01_Secret_Chat\01_Secret_Chat.csproj", "{E8445425-81F2-4DFD-A9E3-83091FECA47B}"
EndProject
Project("{FAE04EC0-301F-11D3-BF4B-00C04F79EFBC}") = "02_Mirror_Words", "02_Mirror_Words\02_Mirror_Words.csproj", "{3448FB71-6BBF-4365-8ECD-881E2D33B6C9}"
EndProject
Project("{FAE04EC0-301F-11D3-BF4B-00C04F79EFBC}") = "03_Need_For_Speed3", "03_Need_For_Speed3\03_Need_For_Speed3.csproj", "{04DA62BC-45B2-4580-A3FF-D0D6F6DB0CD8}"
EndProject
Global
	GlobalSection(SolutionConfigurationPlatforms) = preSolution
		Debug|Any CPU = Debug|Any CPU
		Release|Any CPU = Release|Any CPU
	EndGlobalSection
	GlobalSection(ProjectConfigurationPlatforms) = postSolution
		{E8445425-81F2-4DFD-A9E3-83091FECA47B}.Debug|Any CPU.ActiveCfg = Debug|Any CPU
		{E8445425-81F2-4DFD-A9E3-83091FECA47B}.Debug|Any CPU.Build.0 = Debug|Any CPU
		{E8445425-81F2-4DFD-A9E3-83091FECA47B}.Release|Any CPU.ActiveCfg = Release|Any CPU
		{E8445425-81F2-4DFD-A9E3-83091FECA47B}.Release|Any CPU.Build.0 = Release|Any CPU
		{3448FB71-6BBF-4365-8ECD-881E2D33B6C9}.Debug|Any CPU.ActiveCfg = Debug|Any CPU
		{3448FB71-6BBF-4365-8ECD-881E2D33B6C9}.Debug|Any CPU.Build.0 = Debug|Any CPU
		{3448FB71-6BBF-4365-8ECD-881E2D33B6C9}.Release|Any CPU.ActiveCfg = Release|Any CPU
		{3448FB71-6BBF-4365-8ECD-881E2D33B6C9}.Release|Any CPU.Build.0 = Release|Any CPU
		{04DA62BC-45B2-4580-A3FF-D0D6F6DB0CD8}.Debug|Any CPU.ActiveCfg = Debug|Any CPU
		{04DA62BC-45B2-4580-A3FF-D0D6F6DB0CD8}.Debug|Any CPU.Build.0 = Debug|Any CPU
		{04DA62BC-45B2-4580-A3FF-D0D6F6DB0CD8}.Release|Any CPU.ActiveCfg = Release|Any CPU
		{04DA62BC-45B2-4580-A3FF-D0D6F6DB0CD8}.Release|Any CPU.Build.0 = Release|Any CPU
	EndGlobalSection
	GlobalSection(SolutionProperties) = preSolution
		HideSolutionNode = FALSE
	EndGlobalSection
	GlobalSection(ExtensibilityGlobals) = postSolution
		SolutionGuid = {99948C41-6ED5-472E-AAFE-74E02D7526CA}
	EndGlobalSection
EndGlobal
