
Microsoft Visual Studio Solution File, Format Version 12.00
# Visual Studio Version 16
VisualStudioVersion = 16.0.31005.135
MinimumVisualStudioVersion = 10.0.40219.1
Project("{FAE04EC0-301F-11D3-BF4B-00C04F79EFBC}") = "01._SoftUni-Reception", "01._SoftUni-Reception\01._SoftUni-Reception.csproj", "{94182E03-4A85-4BCA-BEB2-A5BFD52210F8}"
EndProject
Project("{FAE04EC0-301F-11D3-BF4B-00C04F79EFBC}") = "02_Array_Modifier", "02_Array_Modifier\02_Array_Modifier.csproj", "{6FCED8FC-750B-49B5-BDA2-00E4268D4050}"
EndProject
Project("{FAE04EC0-301F-11D3-BF4B-00C04F79EFBC}") = "03_Numbers", "03_Numbers\03_Numbers.csproj", "{AC844A81-2B7B-4800-AD6E-30BC36482F99}"
EndProject
Global
	GlobalSection(SolutionConfigurationPlatforms) = preSolution
		Debug|Any CPU = Debug|Any CPU
		Release|Any CPU = Release|Any CPU
	EndGlobalSection
	GlobalSection(ProjectConfigurationPlatforms) = postSolution
		{94182E03-4A85-4BCA-BEB2-A5BFD52210F8}.Debug|Any CPU.ActiveCfg = Debug|Any CPU
		{94182E03-4A85-4BCA-BEB2-A5BFD52210F8}.Debug|Any CPU.Build.0 = Debug|Any CPU
		{94182E03-4A85-4BCA-BEB2-A5BFD52210F8}.Release|Any CPU.ActiveCfg = Release|Any CPU
		{94182E03-4A85-4BCA-BEB2-A5BFD52210F8}.Release|Any CPU.Build.0 = Release|Any CPU
		{6FCED8FC-750B-49B5-BDA2-00E4268D4050}.Debug|Any CPU.ActiveCfg = Debug|Any CPU
		{6FCED8FC-750B-49B5-BDA2-00E4268D4050}.Debug|Any CPU.Build.0 = Debug|Any CPU
		{6FCED8FC-750B-49B5-BDA2-00E4268D4050}.Release|Any CPU.ActiveCfg = Release|Any CPU
		{6FCED8FC-750B-49B5-BDA2-00E4268D4050}.Release|Any CPU.Build.0 = Release|Any CPU
		{AC844A81-2B7B-4800-AD6E-30BC36482F99}.Debug|Any CPU.ActiveCfg = Debug|Any CPU
		{AC844A81-2B7B-4800-AD6E-30BC36482F99}.Debug|Any CPU.Build.0 = Debug|Any CPU
		{AC844A81-2B7B-4800-AD6E-30BC36482F99}.Release|Any CPU.ActiveCfg = Release|Any CPU
		{AC844A81-2B7B-4800-AD6E-30BC36482F99}.Release|Any CPU.Build.0 = Release|Any CPU
	EndGlobalSection
	GlobalSection(SolutionProperties) = preSolution
		HideSolutionNode = FALSE
	EndGlobalSection
	GlobalSection(ExtensibilityGlobals) = postSolution
		SolutionGuid = {09FD1F2B-6549-412B-AF45-C0D4AC7EBC06}
	EndGlobalSection
EndGlobal
